
Microsoft Visual Studio Solution File, Format Version 12.00
Project("{2150E333-8FDC-42A3-9474-1A3956D46DE8}") = "src", "src", "{67DD84CE-514A-46BA-B3DA-DF94C2844C76}"
EndProject
Project("{2150E333-8FDC-42A3-9474-1A3956D46DE8}") = "tests", "tests", "{BEF73379-0EFB-4DF2-B8C0-F0B9A5AD17BF}"
EndProject
Project("{FAE04EC0-301F-11D3-BF4B-00C04F79EFBC}") = "EventSourcing", "src\EventSourcing\EventSourcing.csproj", "{7AE166D4-DC27-4D8E-9DD2-D5A48D77D822}"
EndProject
Project("{FAE04EC0-301F-11D3-BF4B-00C04F79EFBC}") = "EventSourcing.Abstractions", "src\EventSourcing.Abstractions\EventSourcing.Abstractions.csproj", "{5563D4FD-308D-40C1-8A3A-E9DAA7153FD4}"
EndProject
Project("{FAE04EC0-301F-11D3-BF4B-00C04F79EFBC}") = "EventSourcing.FunctionTests", "tests\EventSourcing.FunctionTests\EventSourcing.FunctionTests.csproj", "{E7AF2ABD-CCDD-4722-B419-B964C8D4A0F2}"
EndProject
Project("{FAE04EC0-301F-11D3-BF4B-00C04F79EFBC}") = "EventSourcing.Benchmarks", "tests\EventSourcing.Benchmarks\EventSourcing.Benchmarks.csproj", "{51C111D5-F16B-44A9-AAF7-D3D78E947351}"
EndProject
Project("{FAE04EC0-301F-11D3-BF4B-00C04F79EFBC}") = "EventSourcing.FunctionTests.DI", "tests\EventSourcing.FunctionTests.DI\EventSourcing.FunctionTests.DI.csproj", "{7ABFA831-345F-4707-A1F6-79A7E7C6305C}"
EndProject
Project("{FAE04EC0-301F-11D3-BF4B-00C04F79EFBC}") = "EventSourcing.FunctionTests.DI.ValidAssembly", "tests\EventSourcing.FunctionTests.DI.ValidAssembly\EventSourcing.FunctionTests.DI.ValidAssembly.csproj", "{8525BD13-3CF2-4D1B-B16B-C19A9E0A152D}"
EndProject
Project("{FAE04EC0-301F-11D3-BF4B-00C04F79EFBC}") = "EventSourcing.FunctionTests.DI.InvalidAssembly", "tests\EventSourcing.FunctionTests.DI.InvalidAssembly\EventSourcing.FunctionTests.DI.InvalidAssembly.csproj", "{B1BE8C85-A24A-4876-9F6C-509F9CE4B51F}"
EndProject
Project("{FAE04EC0-301F-11D3-BF4B-00C04F79EFBC}") = "EventSourcing.Publishers.RabbitMQ", "src\EventSourcing.Publishers.RabbitMQ\EventSourcing.Publishers.RabbitMQ.csproj", "{BB9A6E53-24F6-4A19-AC1F-0EC92A193B4D}"
EndProject
Project("{FAE04EC0-301F-11D3-BF4B-00C04F79EFBC}") = "EventSourcing.Publishers", "src\EventSourcing.Publishers\EventSourcing.Publishers.csproj", "{DDA30961-3C7A-43B8-AC46-E6164935F618}"
EndProject
Project("{FAE04EC0-301F-11D3-BF4B-00C04F79EFBC}") = "EventSourcing.Publishers.RabbitMQ.IntegrationTests", "tests\EventSourcing.Publishers.RabbitMQ.IntegrationTests\EventSourcing.Publishers.RabbitMQ.IntegrationTests.csproj", "{29582D17-209B-4991-9642-4C94CDDD7AF6}"
EndProject
Project("{2150E333-8FDC-42A3-9474-1A3956D46DE8}") = "Solution Items", "Solution Items", "{6BC8499B-6B1A-4DBF-B864-F271A8186851}"
	ProjectSection(SolutionItems) = preProject
		README.md = README.md
		.github\workflows\build-and-test-pull-request.yml = .github\workflows\build-and-test-pull-request.yml
		.github\workflows\publish-packages-from-main.yml = .github\workflows\publish-packages-from-main.yml
		docker-compose.yml = docker-compose.yml
	EndProjectSection
EndProject
Project("{FAE04EC0-301F-11D3-BF4B-00C04F79EFBC}") = "EventSourcing.FunctionTests.DI.InvalidAssembly2", "tests\EventSourcing.FunctionTests.DI.InvalidAssembly2\EventSourcing.FunctionTests.DI.InvalidAssembly2.csproj", "{C22EB0A7-8E28-483C-B1E9-0976AFDE6CAA}"
EndProject
Global
	GlobalSection(SolutionConfigurationPlatforms) = preSolution
		Debug|Any CPU = Debug|Any CPU
		Release|Any CPU = Release|Any CPU
	EndGlobalSection
	GlobalSection(NestedProjects) = preSolution
		{7AE166D4-DC27-4D8E-9DD2-D5A48D77D822} = {67DD84CE-514A-46BA-B3DA-DF94C2844C76}
		{5563D4FD-308D-40C1-8A3A-E9DAA7153FD4} = {67DD84CE-514A-46BA-B3DA-DF94C2844C76}
		{E7AF2ABD-CCDD-4722-B419-B964C8D4A0F2} = {BEF73379-0EFB-4DF2-B8C0-F0B9A5AD17BF}
		{51C111D5-F16B-44A9-AAF7-D3D78E947351} = {BEF73379-0EFB-4DF2-B8C0-F0B9A5AD17BF}
		{7ABFA831-345F-4707-A1F6-79A7E7C6305C} = {BEF73379-0EFB-4DF2-B8C0-F0B9A5AD17BF}
		{8525BD13-3CF2-4D1B-B16B-C19A9E0A152D} = {BEF73379-0EFB-4DF2-B8C0-F0B9A5AD17BF}
		{B1BE8C85-A24A-4876-9F6C-509F9CE4B51F} = {BEF73379-0EFB-4DF2-B8C0-F0B9A5AD17BF}
		{BB9A6E53-24F6-4A19-AC1F-0EC92A193B4D} = {67DD84CE-514A-46BA-B3DA-DF94C2844C76}
		{DDA30961-3C7A-43B8-AC46-E6164935F618} = {67DD84CE-514A-46BA-B3DA-DF94C2844C76}
		{29582D17-209B-4991-9642-4C94CDDD7AF6} = {BEF73379-0EFB-4DF2-B8C0-F0B9A5AD17BF}
		{C22EB0A7-8E28-483C-B1E9-0976AFDE6CAA} = {BEF73379-0EFB-4DF2-B8C0-F0B9A5AD17BF}
	EndGlobalSection
	GlobalSection(ProjectConfigurationPlatforms) = postSolution
		{7AE166D4-DC27-4D8E-9DD2-D5A48D77D822}.Debug|Any CPU.ActiveCfg = Debug|Any CPU
		{7AE166D4-DC27-4D8E-9DD2-D5A48D77D822}.Debug|Any CPU.Build.0 = Debug|Any CPU
		{7AE166D4-DC27-4D8E-9DD2-D5A48D77D822}.Release|Any CPU.ActiveCfg = Release|Any CPU
		{7AE166D4-DC27-4D8E-9DD2-D5A48D77D822}.Release|Any CPU.Build.0 = Release|Any CPU
		{5563D4FD-308D-40C1-8A3A-E9DAA7153FD4}.Debug|Any CPU.ActiveCfg = Debug|Any CPU
		{5563D4FD-308D-40C1-8A3A-E9DAA7153FD4}.Debug|Any CPU.Build.0 = Debug|Any CPU
		{5563D4FD-308D-40C1-8A3A-E9DAA7153FD4}.Release|Any CPU.ActiveCfg = Release|Any CPU
		{5563D4FD-308D-40C1-8A3A-E9DAA7153FD4}.Release|Any CPU.Build.0 = Release|Any CPU
		{E7AF2ABD-CCDD-4722-B419-B964C8D4A0F2}.Debug|Any CPU.ActiveCfg = Debug|Any CPU
		{E7AF2ABD-CCDD-4722-B419-B964C8D4A0F2}.Debug|Any CPU.Build.0 = Debug|Any CPU
		{E7AF2ABD-CCDD-4722-B419-B964C8D4A0F2}.Release|Any CPU.ActiveCfg = Release|Any CPU
		{E7AF2ABD-CCDD-4722-B419-B964C8D4A0F2}.Release|Any CPU.Build.0 = Release|Any CPU
		{51C111D5-F16B-44A9-AAF7-D3D78E947351}.Debug|Any CPU.ActiveCfg = Debug|Any CPU
		{51C111D5-F16B-44A9-AAF7-D3D78E947351}.Debug|Any CPU.Build.0 = Debug|Any CPU
		{51C111D5-F16B-44A9-AAF7-D3D78E947351}.Release|Any CPU.ActiveCfg = Release|Any CPU
		{51C111D5-F16B-44A9-AAF7-D3D78E947351}.Release|Any CPU.Build.0 = Release|Any CPU
		{7ABFA831-345F-4707-A1F6-79A7E7C6305C}.Debug|Any CPU.ActiveCfg = Debug|Any CPU
		{7ABFA831-345F-4707-A1F6-79A7E7C6305C}.Debug|Any CPU.Build.0 = Debug|Any CPU
		{7ABFA831-345F-4707-A1F6-79A7E7C6305C}.Release|Any CPU.ActiveCfg = Release|Any CPU
		{7ABFA831-345F-4707-A1F6-79A7E7C6305C}.Release|Any CPU.Build.0 = Release|Any CPU
		{8525BD13-3CF2-4D1B-B16B-C19A9E0A152D}.Debug|Any CPU.ActiveCfg = Debug|Any CPU
		{8525BD13-3CF2-4D1B-B16B-C19A9E0A152D}.Debug|Any CPU.Build.0 = Debug|Any CPU
		{8525BD13-3CF2-4D1B-B16B-C19A9E0A152D}.Release|Any CPU.ActiveCfg = Release|Any CPU
		{8525BD13-3CF2-4D1B-B16B-C19A9E0A152D}.Release|Any CPU.Build.0 = Release|Any CPU
		{B1BE8C85-A24A-4876-9F6C-509F9CE4B51F}.Debug|Any CPU.ActiveCfg = Debug|Any CPU
		{B1BE8C85-A24A-4876-9F6C-509F9CE4B51F}.Debug|Any CPU.Build.0 = Debug|Any CPU
		{B1BE8C85-A24A-4876-9F6C-509F9CE4B51F}.Release|Any CPU.ActiveCfg = Release|Any CPU
		{B1BE8C85-A24A-4876-9F6C-509F9CE4B51F}.Release|Any CPU.Build.0 = Release|Any CPU
		{BB9A6E53-24F6-4A19-AC1F-0EC92A193B4D}.Debug|Any CPU.ActiveCfg = Debug|Any CPU
		{BB9A6E53-24F6-4A19-AC1F-0EC92A193B4D}.Debug|Any CPU.Build.0 = Debug|Any CPU
		{BB9A6E53-24F6-4A19-AC1F-0EC92A193B4D}.Release|Any CPU.ActiveCfg = Release|Any CPU
		{BB9A6E53-24F6-4A19-AC1F-0EC92A193B4D}.Release|Any CPU.Build.0 = Release|Any CPU
		{DDA30961-3C7A-43B8-AC46-E6164935F618}.Debug|Any CPU.ActiveCfg = Debug|Any CPU
		{DDA30961-3C7A-43B8-AC46-E6164935F618}.Debug|Any CPU.Build.0 = Debug|Any CPU
		{DDA30961-3C7A-43B8-AC46-E6164935F618}.Release|Any CPU.ActiveCfg = Release|Any CPU
		{DDA30961-3C7A-43B8-AC46-E6164935F618}.Release|Any CPU.Build.0 = Release|Any CPU
		{29582D17-209B-4991-9642-4C94CDDD7AF6}.Debug|Any CPU.ActiveCfg = Debug|Any CPU
		{29582D17-209B-4991-9642-4C94CDDD7AF6}.Debug|Any CPU.Build.0 = Debug|Any CPU
		{29582D17-209B-4991-9642-4C94CDDD7AF6}.Release|Any CPU.ActiveCfg = Release|Any CPU
		{29582D17-209B-4991-9642-4C94CDDD7AF6}.Release|Any CPU.Build.0 = Release|Any CPU
		{C22EB0A7-8E28-483C-B1E9-0976AFDE6CAA}.Debug|Any CPU.ActiveCfg = Debug|Any CPU
		{C22EB0A7-8E28-483C-B1E9-0976AFDE6CAA}.Debug|Any CPU.Build.0 = Debug|Any CPU
		{C22EB0A7-8E28-483C-B1E9-0976AFDE6CAA}.Release|Any CPU.ActiveCfg = Release|Any CPU
		{C22EB0A7-8E28-483C-B1E9-0976AFDE6CAA}.Release|Any CPU.Build.0 = Release|Any CPU
	EndGlobalSection
EndGlobal
